{
  "name": "UI-Calculator",
  "version": "1.0.0",
  "lockfileVersion": 1,
  "requires": true,
  "dependencies": {
    "@openui5/sap.m": {
      "version": "1.77.2",
      "resolved": "https://registry.npmjs.org/@openui5/sap.m/-/sap.m-1.77.2.tgz",
      "integrity": "sha512-SRqIk0oJhzfVARbdnUGkCB2QJ+MbrBfIm6Nbw79zHpJ1A0rdCC/1NpSwqbF94Hy4db7bFcJkDs9TyBgz333IQg==",
      "requires": {
        "@openui5/sap.ui.core": "1.77.2",
        "@openui5/sap.ui.layout": "1.77.2",
        "@openui5/sap.ui.unified": "1.77.2"
      }
    },
    "@openui5/sap.ui.core": {
      "version": "1.77.2",
      "resolved": "https://registry.npmjs.org/@openui5/sap.ui.core/-/sap.ui.core-1.77.2.tgz",
      "integrity": "sha512-L5mMy8sEx4v65Q55p7M8jeBjxHq1lyBp0hieFvwyK69FCIlXbUpkXKHI5/DZSMVUtI4bWMYRnKSSj3udROjPmw=="
    },
    "@openui5/sap.ui.layout": {
      "version": "1.77.2",
      "resolved": "https://registry.npmjs.org/@openui5/sap.ui.layout/-/sap.ui.layout-1.77.2.tgz",
      "integrity": "sha512-VAK+taksU9kvm1jtZGYdzx2N5DG33vIZnkglZVbfCRTp+SAtE1osmUjmW+cbu/gvrs/v1Dn+tOW8k5vUUlhmSw==",
      "requires": {
        "@openui5/sap.ui.core": "1.77.2"
      }
    },
    "@openui5/sap.ui.unified": {
      "version": "1.77.2",
      "resolved": "https://registry.npmjs.org/@openui5/sap.ui.unified/-/sap.ui.unified-1.77.2.tgz",
      "integrity": "sha512-UJgBCINy9OXXQ8NhWvKys29IRNGQF9GmrM8vK1eWrZesmBcqHxVfSPbuAs4nk6Gbd48AE/tMnfN5c3O+8IMGPA==",
      "requires": {
        "@openui5/sap.ui.core": "1.77.2"
      }
    },
    "@openui5/themelib_sap_belize": {
      "version": "1.77.2",
      "resolved": "https://registry.npmjs.org/@openui5/themelib_sap_belize/-/themelib_sap_belize-1.77.2.tgz",
      "integrity": "sha512-uSW83NVUhwzUOLu0GT4WhT0c7aPHRpIGltVV3fwebdQiRBipXJUJlkP52/bEqkryFpx75yJDmuNQhsAR2K7qpg=="
    }
  }
}
